<?xml version="1.0" encoding="utf-8"?>
<Project ToolsVersion="4.0" xmlns="http://schemas.microsoft.com/developer/msbuild/2003">
  <ItemGroup>
    <Filter Include="Source Files">
      <UniqueIdentifier>{4FC737F1-C7A5-4376-A066-2A32D752A2FF}</UniqueIdentifier>
      <Extensions>cpp;cxx;c;def</Extensions>
    </Filter>
    <Filter Include="Header Files">
      <UniqueIdentifier>{93995380-89BD-4b04-88EB-625FBE52EBFB}</UniqueIdentifier>
      <Extensions>h</Extensions>
    </Filter>
    <Filter Include="Form Files">
      <UniqueIdentifier>{99349809-55BA-4b9d-BF79-8FDBB0286EB3}</UniqueIdentifier>
      <Extensions>ui</Extensions>
    </Filter>
    <Filter Include="Resource Files">
      <UniqueIdentifier>{D9D6E242-F8AF-46E4-B9FD-80ECBC20BA3E}</UniqueIdentifier>
      <Extensions>qrc;*</Extensions>
      <ParseFiles>false</ParseFiles>
    </Filter>
    <Filter Include="Generated Files">
      <UniqueIdentifier>{71ED8ED8-ACB9-4CE9-BBE1-E00B30144E11}</UniqueIdentifier>
      <Extensions>moc;h;cpp</Extensions>
      <SourceControlFiles>False</SourceControlFiles>
    </Filter>
    <Filter Include="Generated Files\Debug">
      <UniqueIdentifier>{e6991e9a-a6e0-4d04-acec-bf92acf8e650}</UniqueIdentifier>
      <Extensions>cpp;moc</Extensions>
      <SourceControlFiles>False</SourceControlFiles>
    </Filter>
    <Filter Include="Generated Files\Release">
      <UniqueIdentifier>{f55b3cd9-3cdf-4e20-ae70-c7f501627d5c}</UniqueIdentifier>
      <Extensions>cpp;moc</Extensions>
      <SourceControlFiles>False</SourceControlFiles>
    </Filter>
    <Filter Include="GPU Sources">
      <UniqueIdentifier>{7ebeecff-fe97-43b8-a70a-6896cbae2d7b}</UniqueIdentifier>
    </Filter>
  </ItemGroup>
  <ItemGroup>
    <ClCompile Include="main.cpp">
      <Filter>Source Files</Filter>
    </ClCompile>
    <ClCompile Include="projectionpreprocessor.cpp">
      <Filter>Source Files</Filter>
    </ClCompile>
    <ClCompile Include="GeneratedFiles\Debug\moc_projectionpreprocessor.cpp">
      <Filter>Generated Files\Debug</Filter>
    </ClCompile>
    <ClCompile Include="GeneratedFiles\Release\moc_projectionpreprocessor.cpp">
      <Filter>Generated Files\Release</Filter>
    </ClCompile>
    <ClCompile Include="GeneratedFiles\qrc_projectionpreprocessor.cpp">
      <Filter>Generated Files</Filter>
    </ClCompile>
    <ClCompile Include="definitions_public.cpp">
      <Filter>Source Files</Filter>
    </ClCompile>
    <ClCompile Include="threadload.cpp">
      <Filter>Source Files</Filter>
    </ClCompile>
    <ClCompile Include="GeneratedFiles\Debug\moc_threadload.cpp">
      <Filter>Generated Files\Debug</Filter>
    </ClCompile>
    <ClCompile Include="GeneratedFiles\Release\moc_threadload.cpp">
      <Filter>Generated Files\Release</Filter>
    </ClCompile>
    <ClCompile Include="statehandler.cpp">
      <Filter>Source Files</Filter>
    </ClCompile>
    <ClCompile Include="GeneratedFiles\Debug\moc_statehandler.cpp">
      <Filter>Generated Files\Debug</Filter>
    </ClCompile>
    <ClCompile Include="GeneratedFiles\Release\moc_statehandler.cpp">
      <Filter>Generated Files\Release</Filter>
    </ClCompile>
    <ClCompile Include="ScaleImageDownThread.cpp">
      <Filter>Source Files</Filter>
    </ClCompile>
    <ClCompile Include="GeneratedFiles\Debug\moc_ScaleImageDownThread.cpp">
      <Filter>Generated Files\Debug</Filter>
    </ClCompile>
    <ClCompile Include="GeneratedFiles\Release\moc_ScaleImageDownThread.cpp">
      <Filter>Generated Files\Release</Filter>
    </ClCompile>
    <ClCompile Include="GeneratedFiles\Debug\moc_ThreadProcessing.cpp">
      <Filter>Generated Files\Debug</Filter>
    </ClCompile>
    <ClCompile Include="ThreadProcessing.cpp">
      <Filter>Source Files</Filter>
    </ClCompile>
    <ClCompile Include="GeneratedFiles\Release\moc_ThreadProcessing.cpp">
      <Filter>Generated Files\Release</Filter>
    </ClCompile>
    <ClCompile Include="ExportFile.cpp">
      <Filter>Source Files</Filter>
    </ClCompile>
    <ClCompile Include="LorentzFilterDialog.cpp">
      <Filter>Source Files</Filter>
    </ClCompile>
    <ClCompile Include="GeneratedFiles\Debug\moc_LorentzFilterDLG.cpp">
      <Filter>Generated Files\Debug</Filter>
    </ClCompile>
    <ClCompile Include="GeneratedFiles\Release\moc_LorentzFilterDLG.cpp">
      <Filter>Generated Files\Release</Filter>
    </ClCompile>
    <ClCompile Include="GeneratedFiles\Debug\moc_NormalizeImageDLG.cpp">
      <Filter>Generated Files\Debug</Filter>
    </ClCompile>
    <ClCompile Include="NormalizeImageDLG.cpp">
      <Filter>Source Files</Filter>
    </ClCompile>
    <ClCompile Include="GeneratedFiles\Release\moc_NormalizeImageDLG.cpp">
      <Filter>Generated Files\Release</Filter>
    </ClCompile>
    <ClCompile Include="AutoAlphaEstimationDLG.cpp">
      <Filter>Source Files</Filter>
    </ClCompile>
    <ClCompile Include="GeneratedFiles\Debug\moc_AutoAlphaEstimationDLG.cpp">
      <Filter>Generated Files\Debug</Filter>
    </ClCompile>
    <ClCompile Include="GeneratedFiles\Release\moc_AutoAlphaEstimationDLG.cpp">
      <Filter>Generated Files\Release</Filter>
    </ClCompile>
  </ItemGroup>
  <ItemGroup>
    <CustomBuild Include="projectionpreprocessor.h">
      <Filter>Header Files</Filter>
    </CustomBuild>
    <CustomBuild Include="projectionpreprocessor.ui">
      <Filter>Form Files</Filter>
    </CustomBuild>
    <CustomBuild Include="projectionpreprocessor.qrc">
      <Filter>Resource Files</Filter>
    </CustomBuild>
    <CustomBuild Include="threadload.h">
      <Filter>Header Files</Filter>
    </CustomBuild>
    <CustomBuild Include="statehandler.h">
      <Filter>Header Files</Filter>
    </CustomBuild>
    <CustomBuild Include="ScaleImageDownThread.h">
      <Filter>Header Files</Filter>
    </CustomBuild>
    <CustomBuild Include="ThreadProcessing.h">
      <Filter>Header Files</Filter>
    </CustomBuild>
    <CustomBuild Include="LorentzFilter.ui">
      <Filter>Form Files</Filter>
    </CustomBuild>
    <CustomBuild Include="LorentzFilterDLG.h">
      <Filter>Header Files</Filter>
    </CustomBuild>
    <CustomBuild Include="NormalizeImageDLG.ui">
      <Filter>Form Files</Filter>
    </CustomBuild>
    <CustomBuild Include="NormalizeImageDLG.h">
      <Filter>Header Files</Filter>
    </CustomBuild>
    <CustomBuild Include="AutoAlphaEstimationDLG.ui">
      <Filter>Form Files</Filter>
    </CustomBuild>
    <CustomBuild Include="AutoAlphaEstimationDLG.h">
      <Filter>Header Files</Filter>
    </CustomBuild>
  </ItemGroup>
  <ItemGroup>
    <ClInclude Include="GeneratedFiles\ui_projectionpreprocessor.h">
      <Filter>Generated Files</Filter>
    </ClInclude>
    <ClInclude Include="definitions_public.h">
      <Filter>Header Files</Filter>
    </ClInclude>
    <ClInclude Include="ProcessParameterTypes.h">
      <Filter>Header Files</Filter>
    </ClInclude>
    <ClInclude Include="ExportFile.h">
      <Filter>Header Files</Filter>
    </ClInclude>
    <ClInclude Include="symbols.h">
      <Filter>Header Files</Filter>
    </ClInclude>
    <ClInclude Include="resource.h">
      <Filter>Header Files</Filter>
    </ClInclude>
    <ClInclude Include="GeneratedFiles\ui_LorentzFilter.h">
      <Filter>Generated Files</Filter>
    </ClInclude>
    <ClInclude Include="GeneratedFiles\ui_NormalizeImageDLG.h">
      <Filter>Generated Files</Filter>
    </ClInclude>
    <ClInclude Include="GeneratedFiles\ui_AutoAlphaEstimationDLG.h">
      <Filter>Generated Files</Filter>
    </ClInclude>
    <ClInclude Include="CrossPlotPicker.h">
      <Filter>Header Files</Filter>
    </ClInclude>
    <ClInclude Include="XRA_HelperFunc.h">
      <Filter>Header Files</Filter>
    </ClInclude>
  </ItemGroup>
  <ItemGroup>
    <None Include="ProjectionPreProcessor.licenseheader" />
  </ItemGroup>
  <ItemGroup>
    <ResourceCompile Include="ProjectionPreProcessor.rc" />
  </ItemGroup>
  <ItemGroup>
    <CudaCompile Include="CalcStatistic.cu">
      <Filter>GPU Sources</Filter>
    </CudaCompile>
  </ItemGroup>
</Project>