
Microsoft Visual Studio Solution File, Format Version 12.00
# Visual Studio Version 17
VisualStudioVersion = 17.6.33829.357
MinimumVisualStudioVersion = 10.0.40219.1
Project("{8BC9CEB8-8B4A-11D0-8D11-00A0C91BC942}") = "RACGUI", "RACGUI.vcxproj", "{EA1E90D7-FB7C-4A7C-9FC4-8E5FD534EDAA}"
EndProject
Global
	GlobalSection(SolutionConfigurationPlatforms) = preSolution
		Debug|x64 = Debug|x64
		Release|x64 = Release|x64
	EndGlobalSection
	GlobalSection(ProjectConfigurationPlatforms) = postSolution
		{EA1E90D7-FB7C-4A7C-9FC4-8E5FD534EDAA}.Debug|x64.ActiveCfg = Debug|x64
		{EA1E90D7-FB7C-4A7C-9FC4-8E5FD534EDAA}.Debug|x64.Build.0 = Debug|x64
		{EA1E90D7-FB7C-4A7C-9FC4-8E5FD534EDAA}.Release|x64.ActiveCfg = Release|x64
		{EA1E90D7-FB7C-4A7C-9FC4-8E5FD534EDAA}.Release|x64.Build.0 = Release|x64
	EndGlobalSection
	GlobalSection(SolutionProperties) = preSolution
		HideSolutionNode = FALSE
	EndGlobalSection
	GlobalSection(ExtensibilityGlobals) = postSolution
		SolutionGuid = {9614F477-B1F9-441B-94C8-FF19942C2F30}
	EndGlobalSection
EndGlobal
