
Microsoft Visual Studio Solution File, Format Version 12.00
# Visual Studio 15
VisualStudioVersion = 15.0.28307.1705
MinimumVisualStudioVersion = 10.0.40219.1
Project("{8BC9CEB8-8B4A-11D0-8D11-00A0C91BC942}") = "recon_tools", "recon_tools.vcxproj", "{4FF0F6D6-C845-499E-9258-5426CD14412F}"
EndProject
Project("{8BC9CEB8-8B4A-11D0-8D11-00A0C91BC942}") = "FDKRecon", "..\BackprojectionFDK\FDKRecon.vcxproj", "{12FAF070-718A-43F1-B654-5DD042E16180}"
EndProject
Project("{8BC9CEB8-8B4A-11D0-8D11-00A0C91BC942}") = "WeightFilter", "..\WeightAndFilter\WeightFilter.vcxproj", "{2390E0BB-300B-47CC-9797-3C9038E9234F}"
EndProject
Project("{8BC9CEB8-8B4A-11D0-8D11-00A0C91BC942}") = "FDK_GUI", "..\BackprojectionFDK_GUI\FDK_GUI.vcxproj", "{B12702AD-ABFB-343A-A199-8E24837244A3}"
EndProject
Project("{8BC9CEB8-8B4A-11D0-8D11-00A0C91BC942}") = "RotationAxisDetermination", "..\CoR\RotationAxisDetermination.vcxproj", "{11166E20-BD1A-4FBC-838D-3700BCDC19D4}"
EndProject
Project("{8BC9CEB8-8B4A-11D0-8D11-00A0C91BC942}") = "RotCenterEstimation_GUI", "..\CoR_GUI\AutoRotCenterEstimation.vcxproj", "{081DBD10-71D5-41F9-A4F3-6C024FA66439}"
EndProject
Project("{8BC9CEB8-8B4A-11D0-8D11-00A0C91BC942}") = "ProjectionPreProcessor", "..\PreProcessing\ProjectionPreProcessor.vcxproj", "{13C45DA9-7D0B-4229-BBDD-F267EFB4477F}"
EndProject
Project("{8BC9CEB8-8B4A-11D0-8D11-00A0C91BC942}") = "ConvertByHistogramMapping", "..\ConversionByHistogramMapping\ConvertByHistogramMapping.vcxproj", "{0857540B-5531-4651-852B-9392C90C68FA}"
EndProject
Project("{8BC9CEB8-8B4A-11D0-8D11-00A0C91BC942}") = "PhaseStepping", "..\PhaseRetrieval_PhaseStepping\PhaseStepping.vcxproj", "{9AA8C867-BECF-4952-B2C5-D39EF89F7036}"
EndProject
Global
	GlobalSection(SolutionConfigurationPlatforms) = preSolution
		CPU_Debug|x64 = CPU_Debug|x64
		CPU_Debug|x86 = CPU_Debug|x86
		CPU_Release|x64 = CPU_Release|x64
		CPU_Release|x86 = CPU_Release|x86
		CUDA_Debug|x64 = CUDA_Debug|x64
		CUDA_Debug|x86 = CUDA_Debug|x86
		CUDA_Release|x64 = CUDA_Release|x64
		CUDA_Release|x86 = CUDA_Release|x86
		Debug|x64 = Debug|x64
		Debug|x86 = Debug|x86
		OpenCL_Debug|x64 = OpenCL_Debug|x64
		OpenCL_Debug|x86 = OpenCL_Debug|x86
		OpenCL_Release|x64 = OpenCL_Release|x64
		OpenCL_Release|x86 = OpenCL_Release|x86
		Release_DD03632|x64 = Release_DD03632|x64
		Release_DD03632|x86 = Release_DD03632|x86
		Release|x64 = Release|x64
		Release|x86 = Release|x86
		Unified_Debug|x64 = Unified_Debug|x64
		Unified_Debug|x86 = Unified_Debug|x86
		Unified_Release|x64 = Unified_Release|x64
		Unified_Release|x86 = Unified_Release|x86
	EndGlobalSection
	GlobalSection(ProjectConfigurationPlatforms) = postSolution
		{4FF0F6D6-C845-499E-9258-5426CD14412F}.CPU_Debug|x64.ActiveCfg = Debug|x64
		{4FF0F6D6-C845-499E-9258-5426CD14412F}.CPU_Debug|x64.Build.0 = Debug|x64
		{4FF0F6D6-C845-499E-9258-5426CD14412F}.CPU_Debug|x86.ActiveCfg = Debug|Win32
		{4FF0F6D6-C845-499E-9258-5426CD14412F}.CPU_Debug|x86.Build.0 = Debug|Win32
		{4FF0F6D6-C845-499E-9258-5426CD14412F}.CPU_Release|x64.ActiveCfg = Release|x64
		{4FF0F6D6-C845-499E-9258-5426CD14412F}.CPU_Release|x64.Build.0 = Release|x64
		{4FF0F6D6-C845-499E-9258-5426CD14412F}.CPU_Release|x86.ActiveCfg = Release|Win32
		{4FF0F6D6-C845-499E-9258-5426CD14412F}.CPU_Release|x86.Build.0 = Release|Win32
		{4FF0F6D6-C845-499E-9258-5426CD14412F}.CUDA_Debug|x64.ActiveCfg = Debug|x64
		{4FF0F6D6-C845-499E-9258-5426CD14412F}.CUDA_Debug|x64.Build.0 = Debug|x64
		{4FF0F6D6-C845-499E-9258-5426CD14412F}.CUDA_Debug|x86.ActiveCfg = Debug|Win32
		{4FF0F6D6-C845-499E-9258-5426CD14412F}.CUDA_Debug|x86.Build.0 = Debug|Win32
		{4FF0F6D6-C845-499E-9258-5426CD14412F}.CUDA_Release|x64.ActiveCfg = Release|x64
		{4FF0F6D6-C845-499E-9258-5426CD14412F}.CUDA_Release|x64.Build.0 = Release|x64
		{4FF0F6D6-C845-499E-9258-5426CD14412F}.CUDA_Release|x86.ActiveCfg = Release|Win32
		{4FF0F6D6-C845-499E-9258-5426CD14412F}.CUDA_Release|x86.Build.0 = Release|Win32
		{4FF0F6D6-C845-499E-9258-5426CD14412F}.Debug|x64.ActiveCfg = Debug|x64
		{4FF0F6D6-C845-499E-9258-5426CD14412F}.Debug|x64.Build.0 = Debug|x64
		{4FF0F6D6-C845-499E-9258-5426CD14412F}.Debug|x86.ActiveCfg = Debug|Win32
		{4FF0F6D6-C845-499E-9258-5426CD14412F}.Debug|x86.Build.0 = Debug|Win32
		{4FF0F6D6-C845-499E-9258-5426CD14412F}.OpenCL_Debug|x64.ActiveCfg = Debug|x64
		{4FF0F6D6-C845-499E-9258-5426CD14412F}.OpenCL_Debug|x64.Build.0 = Debug|x64
		{4FF0F6D6-C845-499E-9258-5426CD14412F}.OpenCL_Debug|x86.ActiveCfg = Debug|Win32
		{4FF0F6D6-C845-499E-9258-5426CD14412F}.OpenCL_Debug|x86.Build.0 = Debug|Win32
		{4FF0F6D6-C845-499E-9258-5426CD14412F}.OpenCL_Release|x64.ActiveCfg = Release|x64
		{4FF0F6D6-C845-499E-9258-5426CD14412F}.OpenCL_Release|x64.Build.0 = Release|x64
		{4FF0F6D6-C845-499E-9258-5426CD14412F}.OpenCL_Release|x86.ActiveCfg = Release|Win32
		{4FF0F6D6-C845-499E-9258-5426CD14412F}.OpenCL_Release|x86.Build.0 = Release|Win32
		{4FF0F6D6-C845-499E-9258-5426CD14412F}.Release_DD03632|x64.ActiveCfg = Release|x64
		{4FF0F6D6-C845-499E-9258-5426CD14412F}.Release_DD03632|x64.Build.0 = Release|x64
		{4FF0F6D6-C845-499E-9258-5426CD14412F}.Release_DD03632|x86.ActiveCfg = Release|Win32
		{4FF0F6D6-C845-499E-9258-5426CD14412F}.Release_DD03632|x86.Build.0 = Release|Win32
		{4FF0F6D6-C845-499E-9258-5426CD14412F}.Release|x64.ActiveCfg = Release|x64
		{4FF0F6D6-C845-499E-9258-5426CD14412F}.Release|x64.Build.0 = Release|x64
		{4FF0F6D6-C845-499E-9258-5426CD14412F}.Release|x86.ActiveCfg = Release|Win32
		{4FF0F6D6-C845-499E-9258-5426CD14412F}.Release|x86.Build.0 = Release|Win32
		{4FF0F6D6-C845-499E-9258-5426CD14412F}.Unified_Debug|x64.ActiveCfg = Debug|x64
		{4FF0F6D6-C845-499E-9258-5426CD14412F}.Unified_Debug|x64.Build.0 = Debug|x64
		{4FF0F6D6-C845-499E-9258-5426CD14412F}.Unified_Debug|x86.ActiveCfg = Debug|Win32
		{4FF0F6D6-C845-499E-9258-5426CD14412F}.Unified_Debug|x86.Build.0 = Debug|Win32
		{4FF0F6D6-C845-499E-9258-5426CD14412F}.Unified_Release|x64.ActiveCfg = Release|x64
		{4FF0F6D6-C845-499E-9258-5426CD14412F}.Unified_Release|x64.Build.0 = Release|x64
		{4FF0F6D6-C845-499E-9258-5426CD14412F}.Unified_Release|x86.ActiveCfg = Release|Win32
		{4FF0F6D6-C845-499E-9258-5426CD14412F}.Unified_Release|x86.Build.0 = Release|Win32
		{12FAF070-718A-43F1-B654-5DD042E16180}.CPU_Debug|x64.ActiveCfg = Debug|x64
		{12FAF070-718A-43F1-B654-5DD042E16180}.CPU_Debug|x64.Build.0 = Debug|x64
		{12FAF070-718A-43F1-B654-5DD042E16180}.CPU_Debug|x86.ActiveCfg = Debug|Win32
		{12FAF070-718A-43F1-B654-5DD042E16180}.CPU_Debug|x86.Build.0 = Debug|Win32
		{12FAF070-718A-43F1-B654-5DD042E16180}.CPU_Release|x64.ActiveCfg = Release|x64
		{12FAF070-718A-43F1-B654-5DD042E16180}.CPU_Release|x64.Build.0 = Release|x64
		{12FAF070-718A-43F1-B654-5DD042E16180}.CPU_Release|x86.ActiveCfg = Release|Win32
		{12FAF070-718A-43F1-B654-5DD042E16180}.CPU_Release|x86.Build.0 = Release|Win32
		{12FAF070-718A-43F1-B654-5DD042E16180}.CUDA_Debug|x64.ActiveCfg = Debug|x64
		{12FAF070-718A-43F1-B654-5DD042E16180}.CUDA_Debug|x64.Build.0 = Debug|x64
		{12FAF070-718A-43F1-B654-5DD042E16180}.CUDA_Debug|x86.ActiveCfg = Debug|Win32
		{12FAF070-718A-43F1-B654-5DD042E16180}.CUDA_Debug|x86.Build.0 = Debug|Win32
		{12FAF070-718A-43F1-B654-5DD042E16180}.CUDA_Release|x64.ActiveCfg = Release|x64
		{12FAF070-718A-43F1-B654-5DD042E16180}.CUDA_Release|x64.Build.0 = Release|x64
		{12FAF070-718A-43F1-B654-5DD042E16180}.CUDA_Release|x86.ActiveCfg = Release|Win32
		{12FAF070-718A-43F1-B654-5DD042E16180}.CUDA_Release|x86.Build.0 = Release|Win32
		{12FAF070-718A-43F1-B654-5DD042E16180}.Debug|x64.ActiveCfg = Debug|x64
		{12FAF070-718A-43F1-B654-5DD042E16180}.Debug|x64.Build.0 = Debug|x64
		{12FAF070-718A-43F1-B654-5DD042E16180}.Debug|x86.ActiveCfg = Debug|Win32
		{12FAF070-718A-43F1-B654-5DD042E16180}.Debug|x86.Build.0 = Debug|Win32
		{12FAF070-718A-43F1-B654-5DD042E16180}.OpenCL_Debug|x64.ActiveCfg = Debug|x64
		{12FAF070-718A-43F1-B654-5DD042E16180}.OpenCL_Debug|x64.Build.0 = Debug|x64
		{12FAF070-718A-43F1-B654-5DD042E16180}.OpenCL_Debug|x86.ActiveCfg = Debug|Win32
		{12FAF070-718A-43F1-B654-5DD042E16180}.OpenCL_Debug|x86.Build.0 = Debug|Win32
		{12FAF070-718A-43F1-B654-5DD042E16180}.OpenCL_Release|x64.ActiveCfg = Release|x64
		{12FAF070-718A-43F1-B654-5DD042E16180}.OpenCL_Release|x64.Build.0 = Release|x64
		{12FAF070-718A-43F1-B654-5DD042E16180}.OpenCL_Release|x86.ActiveCfg = Release|Win32
		{12FAF070-718A-43F1-B654-5DD042E16180}.OpenCL_Release|x86.Build.0 = Release|Win32
		{12FAF070-718A-43F1-B654-5DD042E16180}.Release_DD03632|x64.ActiveCfg = Release|x64
		{12FAF070-718A-43F1-B654-5DD042E16180}.Release_DD03632|x64.Build.0 = Release|x64
		{12FAF070-718A-43F1-B654-5DD042E16180}.Release_DD03632|x86.ActiveCfg = Release|Win32
		{12FAF070-718A-43F1-B654-5DD042E16180}.Release_DD03632|x86.Build.0 = Release|Win32
		{12FAF070-718A-43F1-B654-5DD042E16180}.Release|x64.ActiveCfg = Release|x64
		{12FAF070-718A-43F1-B654-5DD042E16180}.Release|x64.Build.0 = Release|x64
		{12FAF070-718A-43F1-B654-5DD042E16180}.Release|x86.ActiveCfg = Release|Win32
		{12FAF070-718A-43F1-B654-5DD042E16180}.Release|x86.Build.0 = Release|Win32
		{12FAF070-718A-43F1-B654-5DD042E16180}.Unified_Debug|x64.ActiveCfg = Debug|x64
		{12FAF070-718A-43F1-B654-5DD042E16180}.Unified_Debug|x64.Build.0 = Debug|x64
		{12FAF070-718A-43F1-B654-5DD042E16180}.Unified_Debug|x86.ActiveCfg = Debug|Win32
		{12FAF070-718A-43F1-B654-5DD042E16180}.Unified_Debug|x86.Build.0 = Debug|Win32
		{12FAF070-718A-43F1-B654-5DD042E16180}.Unified_Release|x64.ActiveCfg = Release|x64
		{12FAF070-718A-43F1-B654-5DD042E16180}.Unified_Release|x64.Build.0 = Release|x64
		{12FAF070-718A-43F1-B654-5DD042E16180}.Unified_Release|x86.ActiveCfg = Release|Win32
		{12FAF070-718A-43F1-B654-5DD042E16180}.Unified_Release|x86.Build.0 = Release|Win32
		{2390E0BB-300B-47CC-9797-3C9038E9234F}.CPU_Debug|x64.ActiveCfg = Debug|x64
		{2390E0BB-300B-47CC-9797-3C9038E9234F}.CPU_Debug|x64.Build.0 = Debug|x64
		{2390E0BB-300B-47CC-9797-3C9038E9234F}.CPU_Debug|x86.ActiveCfg = Debug|Win32
		{2390E0BB-300B-47CC-9797-3C9038E9234F}.CPU_Debug|x86.Build.0 = Debug|Win32
		{2390E0BB-300B-47CC-9797-3C9038E9234F}.CPU_Release|x64.ActiveCfg = Release|x64
		{2390E0BB-300B-47CC-9797-3C9038E9234F}.CPU_Release|x64.Build.0 = Release|x64
		{2390E0BB-300B-47CC-9797-3C9038E9234F}.CPU_Release|x86.ActiveCfg = Release|Win32
		{2390E0BB-300B-47CC-9797-3C9038E9234F}.CPU_Release|x86.Build.0 = Release|Win32
		{2390E0BB-300B-47CC-9797-3C9038E9234F}.CUDA_Debug|x64.ActiveCfg = Debug|x64
		{2390E0BB-300B-47CC-9797-3C9038E9234F}.CUDA_Debug|x64.Build.0 = Debug|x64
		{2390E0BB-300B-47CC-9797-3C9038E9234F}.CUDA_Debug|x86.ActiveCfg = Debug|Win32
		{2390E0BB-300B-47CC-9797-3C9038E9234F}.CUDA_Debug|x86.Build.0 = Debug|Win32
		{2390E0BB-300B-47CC-9797-3C9038E9234F}.CUDA_Release|x64.ActiveCfg = Release|x64
		{2390E0BB-300B-47CC-9797-3C9038E9234F}.CUDA_Release|x64.Build.0 = Release|x64
		{2390E0BB-300B-47CC-9797-3C9038E9234F}.CUDA_Release|x86.ActiveCfg = Release|Win32
		{2390E0BB-300B-47CC-9797-3C9038E9234F}.CUDA_Release|x86.Build.0 = Release|Win32
		{2390E0BB-300B-47CC-9797-3C9038E9234F}.Debug|x64.ActiveCfg = Debug|x64
		{2390E0BB-300B-47CC-9797-3C9038E9234F}.Debug|x64.Build.0 = Debug|x64
		{2390E0BB-300B-47CC-9797-3C9038E9234F}.Debug|x86.ActiveCfg = Debug|Win32
		{2390E0BB-300B-47CC-9797-3C9038E9234F}.Debug|x86.Build.0 = Debug|Win32
		{2390E0BB-300B-47CC-9797-3C9038E9234F}.OpenCL_Debug|x64.ActiveCfg = Debug|x64
		{2390E0BB-300B-47CC-9797-3C9038E9234F}.OpenCL_Debug|x64.Build.0 = Debug|x64
		{2390E0BB-300B-47CC-9797-3C9038E9234F}.OpenCL_Debug|x86.ActiveCfg = Debug|Win32
		{2390E0BB-300B-47CC-9797-3C9038E9234F}.OpenCL_Debug|x86.Build.0 = Debug|Win32
		{2390E0BB-300B-47CC-9797-3C9038E9234F}.OpenCL_Release|x64.ActiveCfg = Release|x64
		{2390E0BB-300B-47CC-9797-3C9038E9234F}.OpenCL_Release|x64.Build.0 = Release|x64
		{2390E0BB-300B-47CC-9797-3C9038E9234F}.OpenCL_Release|x86.ActiveCfg = Release|Win32
		{2390E0BB-300B-47CC-9797-3C9038E9234F}.OpenCL_Release|x86.Build.0 = Release|Win32
		{2390E0BB-300B-47CC-9797-3C9038E9234F}.Release_DD03632|x64.ActiveCfg = Release_DD03632|x64
		{2390E0BB-300B-47CC-9797-3C9038E9234F}.Release_DD03632|x64.Build.0 = Release_DD03632|x64
		{2390E0BB-300B-47CC-9797-3C9038E9234F}.Release_DD03632|x86.ActiveCfg = Release_DD03632|Win32
		{2390E0BB-300B-47CC-9797-3C9038E9234F}.Release_DD03632|x86.Build.0 = Release_DD03632|Win32
		{2390E0BB-300B-47CC-9797-3C9038E9234F}.Release|x64.ActiveCfg = Release|x64
		{2390E0BB-300B-47CC-9797-3C9038E9234F}.Release|x64.Build.0 = Release|x64
		{2390E0BB-300B-47CC-9797-3C9038E9234F}.Release|x86.ActiveCfg = Release|Win32
		{2390E0BB-300B-47CC-9797-3C9038E9234F}.Release|x86.Build.0 = Release|Win32
		{2390E0BB-300B-47CC-9797-3C9038E9234F}.Unified_Debug|x64.ActiveCfg = Debug|x64
		{2390E0BB-300B-47CC-9797-3C9038E9234F}.Unified_Debug|x64.Build.0 = Debug|x64
		{2390E0BB-300B-47CC-9797-3C9038E9234F}.Unified_Debug|x86.ActiveCfg = Debug|Win32
		{2390E0BB-300B-47CC-9797-3C9038E9234F}.Unified_Debug|x86.Build.0 = Debug|Win32
		{2390E0BB-300B-47CC-9797-3C9038E9234F}.Unified_Release|x64.ActiveCfg = Release|x64
		{2390E0BB-300B-47CC-9797-3C9038E9234F}.Unified_Release|x64.Build.0 = Release|x64
		{2390E0BB-300B-47CC-9797-3C9038E9234F}.Unified_Release|x86.ActiveCfg = Release|Win32
		{2390E0BB-300B-47CC-9797-3C9038E9234F}.Unified_Release|x86.Build.0 = Release|Win32
		{B12702AD-ABFB-343A-A199-8E24837244A3}.CPU_Debug|x64.ActiveCfg = Debug|x64
		{B12702AD-ABFB-343A-A199-8E24837244A3}.CPU_Debug|x64.Build.0 = Debug|x64
		{B12702AD-ABFB-343A-A199-8E24837244A3}.CPU_Debug|x86.ActiveCfg = Debug|Win32
		{B12702AD-ABFB-343A-A199-8E24837244A3}.CPU_Debug|x86.Build.0 = Debug|Win32
		{B12702AD-ABFB-343A-A199-8E24837244A3}.CPU_Release|x64.ActiveCfg = Release|x64
		{B12702AD-ABFB-343A-A199-8E24837244A3}.CPU_Release|x64.Build.0 = Release|x64
		{B12702AD-ABFB-343A-A199-8E24837244A3}.CPU_Release|x86.ActiveCfg = Release|Win32
		{B12702AD-ABFB-343A-A199-8E24837244A3}.CPU_Release|x86.Build.0 = Release|Win32
		{B12702AD-ABFB-343A-A199-8E24837244A3}.CUDA_Debug|x64.ActiveCfg = Debug|x64
		{B12702AD-ABFB-343A-A199-8E24837244A3}.CUDA_Debug|x64.Build.0 = Debug|x64
		{B12702AD-ABFB-343A-A199-8E24837244A3}.CUDA_Debug|x86.ActiveCfg = Debug|Win32
		{B12702AD-ABFB-343A-A199-8E24837244A3}.CUDA_Debug|x86.Build.0 = Debug|Win32
		{B12702AD-ABFB-343A-A199-8E24837244A3}.CUDA_Release|x64.ActiveCfg = Release|x64
		{B12702AD-ABFB-343A-A199-8E24837244A3}.CUDA_Release|x64.Build.0 = Release|x64
		{B12702AD-ABFB-343A-A199-8E24837244A3}.CUDA_Release|x86.ActiveCfg = Release|Win32
		{B12702AD-ABFB-343A-A199-8E24837244A3}.CUDA_Release|x86.Build.0 = Release|Win32
		{B12702AD-ABFB-343A-A199-8E24837244A3}.Debug|x64.ActiveCfg = Debug|x64
		{B12702AD-ABFB-343A-A199-8E24837244A3}.Debug|x64.Build.0 = Debug|x64
		{B12702AD-ABFB-343A-A199-8E24837244A3}.Debug|x86.ActiveCfg = Debug|Win32
		{B12702AD-ABFB-343A-A199-8E24837244A3}.Debug|x86.Build.0 = Debug|Win32
		{B12702AD-ABFB-343A-A199-8E24837244A3}.OpenCL_Debug|x64.ActiveCfg = Debug|x64
		{B12702AD-ABFB-343A-A199-8E24837244A3}.OpenCL_Debug|x64.Build.0 = Debug|x64
		{B12702AD-ABFB-343A-A199-8E24837244A3}.OpenCL_Debug|x86.ActiveCfg = Debug|Win32
		{B12702AD-ABFB-343A-A199-8E24837244A3}.OpenCL_Debug|x86.Build.0 = Debug|Win32
		{B12702AD-ABFB-343A-A199-8E24837244A3}.OpenCL_Release|x64.ActiveCfg = Release|x64
		{B12702AD-ABFB-343A-A199-8E24837244A3}.OpenCL_Release|x64.Build.0 = Release|x64
		{B12702AD-ABFB-343A-A199-8E24837244A3}.OpenCL_Release|x86.ActiveCfg = Release|Win32
		{B12702AD-ABFB-343A-A199-8E24837244A3}.OpenCL_Release|x86.Build.0 = Release|Win32
		{B12702AD-ABFB-343A-A199-8E24837244A3}.Release_DD03632|x64.ActiveCfg = Release|x64
		{B12702AD-ABFB-343A-A199-8E24837244A3}.Release_DD03632|x64.Build.0 = Release|x64
		{B12702AD-ABFB-343A-A199-8E24837244A3}.Release_DD03632|x86.ActiveCfg = Release|Win32
		{B12702AD-ABFB-343A-A199-8E24837244A3}.Release_DD03632|x86.Build.0 = Release|Win32
		{B12702AD-ABFB-343A-A199-8E24837244A3}.Release|x64.ActiveCfg = Release|x64
		{B12702AD-ABFB-343A-A199-8E24837244A3}.Release|x64.Build.0 = Release|x64
		{B12702AD-ABFB-343A-A199-8E24837244A3}.Release|x86.ActiveCfg = Release|Win32
		{B12702AD-ABFB-343A-A199-8E24837244A3}.Release|x86.Build.0 = Release|Win32
		{B12702AD-ABFB-343A-A199-8E24837244A3}.Unified_Debug|x64.ActiveCfg = Debug|x64
		{B12702AD-ABFB-343A-A199-8E24837244A3}.Unified_Debug|x64.Build.0 = Debug|x64
		{B12702AD-ABFB-343A-A199-8E24837244A3}.Unified_Debug|x86.ActiveCfg = Debug|Win32
		{B12702AD-ABFB-343A-A199-8E24837244A3}.Unified_Debug|x86.Build.0 = Debug|Win32
		{B12702AD-ABFB-343A-A199-8E24837244A3}.Unified_Release|x64.ActiveCfg = Release|x64
		{B12702AD-ABFB-343A-A199-8E24837244A3}.Unified_Release|x64.Build.0 = Release|x64
		{B12702AD-ABFB-343A-A199-8E24837244A3}.Unified_Release|x86.ActiveCfg = Release|Win32
		{B12702AD-ABFB-343A-A199-8E24837244A3}.Unified_Release|x86.Build.0 = Release|Win32
		{11166E20-BD1A-4FBC-838D-3700BCDC19D4}.CPU_Debug|x64.ActiveCfg = Debug|x64
		{11166E20-BD1A-4FBC-838D-3700BCDC19D4}.CPU_Debug|x64.Build.0 = Debug|x64
		{11166E20-BD1A-4FBC-838D-3700BCDC19D4}.CPU_Debug|x86.ActiveCfg = Debug|Win32
		{11166E20-BD1A-4FBC-838D-3700BCDC19D4}.CPU_Debug|x86.Build.0 = Debug|Win32
		{11166E20-BD1A-4FBC-838D-3700BCDC19D4}.CPU_Release|x64.ActiveCfg = Release|x64
		{11166E20-BD1A-4FBC-838D-3700BCDC19D4}.CPU_Release|x64.Build.0 = Release|x64
		{11166E20-BD1A-4FBC-838D-3700BCDC19D4}.CPU_Release|x86.ActiveCfg = Release|Win32
		{11166E20-BD1A-4FBC-838D-3700BCDC19D4}.CPU_Release|x86.Build.0 = Release|Win32
		{11166E20-BD1A-4FBC-838D-3700BCDC19D4}.CUDA_Debug|x64.ActiveCfg = Debug|x64
		{11166E20-BD1A-4FBC-838D-3700BCDC19D4}.CUDA_Debug|x64.Build.0 = Debug|x64
		{11166E20-BD1A-4FBC-838D-3700BCDC19D4}.CUDA_Debug|x86.ActiveCfg = Debug|Win32
		{11166E20-BD1A-4FBC-838D-3700BCDC19D4}.CUDA_Debug|x86.Build.0 = Debug|Win32
		{11166E20-BD1A-4FBC-838D-3700BCDC19D4}.CUDA_Release|x64.ActiveCfg = Release|x64
		{11166E20-BD1A-4FBC-838D-3700BCDC19D4}.CUDA_Release|x64.Build.0 = Release|x64
		{11166E20-BD1A-4FBC-838D-3700BCDC19D4}.CUDA_Release|x86.ActiveCfg = Release|Win32
		{11166E20-BD1A-4FBC-838D-3700BCDC19D4}.CUDA_Release|x86.Build.0 = Release|Win32
		{11166E20-BD1A-4FBC-838D-3700BCDC19D4}.Debug|x64.ActiveCfg = Debug|x64
		{11166E20-BD1A-4FBC-838D-3700BCDC19D4}.Debug|x64.Build.0 = Debug|x64
		{11166E20-BD1A-4FBC-838D-3700BCDC19D4}.Debug|x86.ActiveCfg = Debug|Win32
		{11166E20-BD1A-4FBC-838D-3700BCDC19D4}.Debug|x86.Build.0 = Debug|Win32
		{11166E20-BD1A-4FBC-838D-3700BCDC19D4}.OpenCL_Debug|x64.ActiveCfg = Debug|x64
		{11166E20-BD1A-4FBC-838D-3700BCDC19D4}.OpenCL_Debug|x64.Build.0 = Debug|x64
		{11166E20-BD1A-4FBC-838D-3700BCDC19D4}.OpenCL_Debug|x86.ActiveCfg = Debug|Win32
		{11166E20-BD1A-4FBC-838D-3700BCDC19D4}.OpenCL_Debug|x86.Build.0 = Debug|Win32
		{11166E20-BD1A-4FBC-838D-3700BCDC19D4}.OpenCL_Release|x64.ActiveCfg = Release|x64
		{11166E20-BD1A-4FBC-838D-3700BCDC19D4}.OpenCL_Release|x64.Build.0 = Release|x64
		{11166E20-BD1A-4FBC-838D-3700BCDC19D4}.OpenCL_Release|x86.ActiveCfg = Release|Win32
		{11166E20-BD1A-4FBC-838D-3700BCDC19D4}.OpenCL_Release|x86.Build.0 = Release|Win32
		{11166E20-BD1A-4FBC-838D-3700BCDC19D4}.Release_DD03632|x64.ActiveCfg = Release|x64
		{11166E20-BD1A-4FBC-838D-3700BCDC19D4}.Release_DD03632|x64.Build.0 = Release|x64
		{11166E20-BD1A-4FBC-838D-3700BCDC19D4}.Release_DD03632|x86.ActiveCfg = Release|Win32
		{11166E20-BD1A-4FBC-838D-3700BCDC19D4}.Release_DD03632|x86.Build.0 = Release|Win32
		{11166E20-BD1A-4FBC-838D-3700BCDC19D4}.Release|x64.ActiveCfg = Release|x64
		{11166E20-BD1A-4FBC-838D-3700BCDC19D4}.Release|x64.Build.0 = Release|x64
		{11166E20-BD1A-4FBC-838D-3700BCDC19D4}.Release|x86.ActiveCfg = Release|Win32
		{11166E20-BD1A-4FBC-838D-3700BCDC19D4}.Release|x86.Build.0 = Release|Win32
		{11166E20-BD1A-4FBC-838D-3700BCDC19D4}.Unified_Debug|x64.ActiveCfg = Debug|x64
		{11166E20-BD1A-4FBC-838D-3700BCDC19D4}.Unified_Debug|x64.Build.0 = Debug|x64
		{11166E20-BD1A-4FBC-838D-3700BCDC19D4}.Unified_Debug|x86.ActiveCfg = Debug|Win32
		{11166E20-BD1A-4FBC-838D-3700BCDC19D4}.Unified_Debug|x86.Build.0 = Debug|Win32
		{11166E20-BD1A-4FBC-838D-3700BCDC19D4}.Unified_Release|x64.ActiveCfg = Release|x64
		{11166E20-BD1A-4FBC-838D-3700BCDC19D4}.Unified_Release|x64.Build.0 = Release|x64
		{11166E20-BD1A-4FBC-838D-3700BCDC19D4}.Unified_Release|x86.ActiveCfg = Release|Win32
		{11166E20-BD1A-4FBC-838D-3700BCDC19D4}.Unified_Release|x86.Build.0 = Release|Win32
		{081DBD10-71D5-41F9-A4F3-6C024FA66439}.CPU_Debug|x64.ActiveCfg = Debug|x64
		{081DBD10-71D5-41F9-A4F3-6C024FA66439}.CPU_Debug|x64.Build.0 = Debug|x64
		{081DBD10-71D5-41F9-A4F3-6C024FA66439}.CPU_Debug|x86.ActiveCfg = Debug|Win32
		{081DBD10-71D5-41F9-A4F3-6C024FA66439}.CPU_Debug|x86.Build.0 = Debug|Win32
		{081DBD10-71D5-41F9-A4F3-6C024FA66439}.CPU_Release|x64.ActiveCfg = Release|x64
		{081DBD10-71D5-41F9-A4F3-6C024FA66439}.CPU_Release|x64.Build.0 = Release|x64
		{081DBD10-71D5-41F9-A4F3-6C024FA66439}.CPU_Release|x86.ActiveCfg = Release|Win32
		{081DBD10-71D5-41F9-A4F3-6C024FA66439}.CPU_Release|x86.Build.0 = Release|Win32
		{081DBD10-71D5-41F9-A4F3-6C024FA66439}.CUDA_Debug|x64.ActiveCfg = Debug|x64
		{081DBD10-71D5-41F9-A4F3-6C024FA66439}.CUDA_Debug|x64.Build.0 = Debug|x64
		{081DBD10-71D5-41F9-A4F3-6C024FA66439}.CUDA_Debug|x86.ActiveCfg = Debug|Win32
		{081DBD10-71D5-41F9-A4F3-6C024FA66439}.CUDA_Debug|x86.Build.0 = Debug|Win32
		{081DBD10-71D5-41F9-A4F3-6C024FA66439}.CUDA_Release|x64.ActiveCfg = Release|x64
		{081DBD10-71D5-41F9-A4F3-6C024FA66439}.CUDA_Release|x64.Build.0 = Release|x64
		{081DBD10-71D5-41F9-A4F3-6C024FA66439}.CUDA_Release|x86.ActiveCfg = Release|Win32
		{081DBD10-71D5-41F9-A4F3-6C024FA66439}.CUDA_Release|x86.Build.0 = Release|Win32
		{081DBD10-71D5-41F9-A4F3-6C024FA66439}.Debug|x64.ActiveCfg = Debug|x64
		{081DBD10-71D5-41F9-A4F3-6C024FA66439}.Debug|x64.Build.0 = Debug|x64
		{081DBD10-71D5-41F9-A4F3-6C024FA66439}.Debug|x86.ActiveCfg = Debug|Win32
		{081DBD10-71D5-41F9-A4F3-6C024FA66439}.Debug|x86.Build.0 = Debug|Win32
		{081DBD10-71D5-41F9-A4F3-6C024FA66439}.OpenCL_Debug|x64.ActiveCfg = Debug|x64
		{081DBD10-71D5-41F9-A4F3-6C024FA66439}.OpenCL_Debug|x64.Build.0 = Debug|x64
		{081DBD10-71D5-41F9-A4F3-6C024FA66439}.OpenCL_Debug|x86.ActiveCfg = Debug|Win32
		{081DBD10-71D5-41F9-A4F3-6C024FA66439}.OpenCL_Debug|x86.Build.0 = Debug|Win32
		{081DBD10-71D5-41F9-A4F3-6C024FA66439}.OpenCL_Release|x64.ActiveCfg = Release|x64
		{081DBD10-71D5-41F9-A4F3-6C024FA66439}.OpenCL_Release|x64.Build.0 = Release|x64
		{081DBD10-71D5-41F9-A4F3-6C024FA66439}.OpenCL_Release|x86.ActiveCfg = Release|Win32
		{081DBD10-71D5-41F9-A4F3-6C024FA66439}.OpenCL_Release|x86.Build.0 = Release|Win32
		{081DBD10-71D5-41F9-A4F3-6C024FA66439}.Release_DD03632|x64.ActiveCfg = Release|x64
		{081DBD10-71D5-41F9-A4F3-6C024FA66439}.Release_DD03632|x64.Build.0 = Release|x64
		{081DBD10-71D5-41F9-A4F3-6C024FA66439}.Release_DD03632|x86.ActiveCfg = Release|Win32
		{081DBD10-71D5-41F9-A4F3-6C024FA66439}.Release_DD03632|x86.Build.0 = Release|Win32
		{081DBD10-71D5-41F9-A4F3-6C024FA66439}.Release|x64.ActiveCfg = Release|x64
		{081DBD10-71D5-41F9-A4F3-6C024FA66439}.Release|x64.Build.0 = Release|x64
		{081DBD10-71D5-41F9-A4F3-6C024FA66439}.Release|x86.ActiveCfg = Release|Win32
		{081DBD10-71D5-41F9-A4F3-6C024FA66439}.Release|x86.Build.0 = Release|Win32
		{081DBD10-71D5-41F9-A4F3-6C024FA66439}.Unified_Debug|x64.ActiveCfg = Debug|x64
		{081DBD10-71D5-41F9-A4F3-6C024FA66439}.Unified_Debug|x64.Build.0 = Debug|x64
		{081DBD10-71D5-41F9-A4F3-6C024FA66439}.Unified_Debug|x86.ActiveCfg = Debug|Win32
		{081DBD10-71D5-41F9-A4F3-6C024FA66439}.Unified_Debug|x86.Build.0 = Debug|Win32
		{081DBD10-71D5-41F9-A4F3-6C024FA66439}.Unified_Release|x64.ActiveCfg = Release|x64
		{081DBD10-71D5-41F9-A4F3-6C024FA66439}.Unified_Release|x64.Build.0 = Release|x64
		{081DBD10-71D5-41F9-A4F3-6C024FA66439}.Unified_Release|x86.ActiveCfg = Release|Win32
		{081DBD10-71D5-41F9-A4F3-6C024FA66439}.Unified_Release|x86.Build.0 = Release|Win32
		{13C45DA9-7D0B-4229-BBDD-F267EFB4477F}.CPU_Debug|x64.ActiveCfg = Debug|x64
		{13C45DA9-7D0B-4229-BBDD-F267EFB4477F}.CPU_Debug|x64.Build.0 = Debug|x64
		{13C45DA9-7D0B-4229-BBDD-F267EFB4477F}.CPU_Debug|x86.ActiveCfg = Debug|Win32
		{13C45DA9-7D0B-4229-BBDD-F267EFB4477F}.CPU_Debug|x86.Build.0 = Debug|Win32
		{13C45DA9-7D0B-4229-BBDD-F267EFB4477F}.CPU_Release|x64.ActiveCfg = Release|x64
		{13C45DA9-7D0B-4229-BBDD-F267EFB4477F}.CPU_Release|x64.Build.0 = Release|x64
		{13C45DA9-7D0B-4229-BBDD-F267EFB4477F}.CPU_Release|x86.ActiveCfg = Release|Win32
		{13C45DA9-7D0B-4229-BBDD-F267EFB4477F}.CPU_Release|x86.Build.0 = Release|Win32
		{13C45DA9-7D0B-4229-BBDD-F267EFB4477F}.CUDA_Debug|x64.ActiveCfg = Debug|x64
		{13C45DA9-7D0B-4229-BBDD-F267EFB4477F}.CUDA_Debug|x64.Build.0 = Debug|x64
		{13C45DA9-7D0B-4229-BBDD-F267EFB4477F}.CUDA_Debug|x86.ActiveCfg = Debug|Win32
		{13C45DA9-7D0B-4229-BBDD-F267EFB4477F}.CUDA_Debug|x86.Build.0 = Debug|Win32
		{13C45DA9-7D0B-4229-BBDD-F267EFB4477F}.CUDA_Release|x64.ActiveCfg = Release|x64
		{13C45DA9-7D0B-4229-BBDD-F267EFB4477F}.CUDA_Release|x64.Build.0 = Release|x64
		{13C45DA9-7D0B-4229-BBDD-F267EFB4477F}.CUDA_Release|x86.ActiveCfg = Release|Win32
		{13C45DA9-7D0B-4229-BBDD-F267EFB4477F}.CUDA_Release|x86.Build.0 = Release|Win32
		{13C45DA9-7D0B-4229-BBDD-F267EFB4477F}.Debug|x64.ActiveCfg = Debug|x64
		{13C45DA9-7D0B-4229-BBDD-F267EFB4477F}.Debug|x64.Build.0 = Debug|x64
		{13C45DA9-7D0B-4229-BBDD-F267EFB4477F}.Debug|x86.ActiveCfg = Debug|Win32
		{13C45DA9-7D0B-4229-BBDD-F267EFB4477F}.Debug|x86.Build.0 = Debug|Win32
		{13C45DA9-7D0B-4229-BBDD-F267EFB4477F}.OpenCL_Debug|x64.ActiveCfg = Debug|x64
		{13C45DA9-7D0B-4229-BBDD-F267EFB4477F}.OpenCL_Debug|x64.Build.0 = Debug|x64
		{13C45DA9-7D0B-4229-BBDD-F267EFB4477F}.OpenCL_Debug|x86.ActiveCfg = Debug|Win32
		{13C45DA9-7D0B-4229-BBDD-F267EFB4477F}.OpenCL_Debug|x86.Build.0 = Debug|Win32
		{13C45DA9-7D0B-4229-BBDD-F267EFB4477F}.OpenCL_Release|x64.ActiveCfg = Release|x64
		{13C45DA9-7D0B-4229-BBDD-F267EFB4477F}.OpenCL_Release|x64.Build.0 = Release|x64
		{13C45DA9-7D0B-4229-BBDD-F267EFB4477F}.OpenCL_Release|x86.ActiveCfg = Release|Win32
		{13C45DA9-7D0B-4229-BBDD-F267EFB4477F}.OpenCL_Release|x86.Build.0 = Release|Win32
		{13C45DA9-7D0B-4229-BBDD-F267EFB4477F}.Release_DD03632|x64.ActiveCfg = Release|x64
		{13C45DA9-7D0B-4229-BBDD-F267EFB4477F}.Release_DD03632|x64.Build.0 = Release|x64
		{13C45DA9-7D0B-4229-BBDD-F267EFB4477F}.Release_DD03632|x86.ActiveCfg = Release|Win32
		{13C45DA9-7D0B-4229-BBDD-F267EFB4477F}.Release_DD03632|x86.Build.0 = Release|Win32
		{13C45DA9-7D0B-4229-BBDD-F267EFB4477F}.Release|x64.ActiveCfg = Release|x64
		{13C45DA9-7D0B-4229-BBDD-F267EFB4477F}.Release|x64.Build.0 = Release|x64
		{13C45DA9-7D0B-4229-BBDD-F267EFB4477F}.Release|x86.ActiveCfg = Release|Win32
		{13C45DA9-7D0B-4229-BBDD-F267EFB4477F}.Release|x86.Build.0 = Release|Win32
		{13C45DA9-7D0B-4229-BBDD-F267EFB4477F}.Unified_Debug|x64.ActiveCfg = Debug|x64
		{13C45DA9-7D0B-4229-BBDD-F267EFB4477F}.Unified_Debug|x64.Build.0 = Debug|x64
		{13C45DA9-7D0B-4229-BBDD-F267EFB4477F}.Unified_Debug|x86.ActiveCfg = Debug|Win32
		{13C45DA9-7D0B-4229-BBDD-F267EFB4477F}.Unified_Debug|x86.Build.0 = Debug|Win32
		{13C45DA9-7D0B-4229-BBDD-F267EFB4477F}.Unified_Release|x64.ActiveCfg = Release|x64
		{13C45DA9-7D0B-4229-BBDD-F267EFB4477F}.Unified_Release|x64.Build.0 = Release|x64
		{13C45DA9-7D0B-4229-BBDD-F267EFB4477F}.Unified_Release|x86.ActiveCfg = Release|Win32
		{13C45DA9-7D0B-4229-BBDD-F267EFB4477F}.Unified_Release|x86.Build.0 = Release|Win32
		{0857540B-5531-4651-852B-9392C90C68FA}.CPU_Debug|x64.ActiveCfg = Debug|x64
		{0857540B-5531-4651-852B-9392C90C68FA}.CPU_Debug|x64.Build.0 = Debug|x64
		{0857540B-5531-4651-852B-9392C90C68FA}.CPU_Debug|x86.ActiveCfg = Debug|Win32
		{0857540B-5531-4651-852B-9392C90C68FA}.CPU_Debug|x86.Build.0 = Debug|Win32
		{0857540B-5531-4651-852B-9392C90C68FA}.CPU_Release|x64.ActiveCfg = Release|x64
		{0857540B-5531-4651-852B-9392C90C68FA}.CPU_Release|x64.Build.0 = Release|x64
		{0857540B-5531-4651-852B-9392C90C68FA}.CPU_Release|x86.ActiveCfg = Release|Win32
		{0857540B-5531-4651-852B-9392C90C68FA}.CPU_Release|x86.Build.0 = Release|Win32
		{0857540B-5531-4651-852B-9392C90C68FA}.CUDA_Debug|x64.ActiveCfg = Debug|x64
		{0857540B-5531-4651-852B-9392C90C68FA}.CUDA_Debug|x64.Build.0 = Debug|x64
		{0857540B-5531-4651-852B-9392C90C68FA}.CUDA_Debug|x86.ActiveCfg = Debug|Win32
		{0857540B-5531-4651-852B-9392C90C68FA}.CUDA_Debug|x86.Build.0 = Debug|Win32
		{0857540B-5531-4651-852B-9392C90C68FA}.CUDA_Release|x64.ActiveCfg = Release|x64
		{0857540B-5531-4651-852B-9392C90C68FA}.CUDA_Release|x64.Build.0 = Release|x64
		{0857540B-5531-4651-852B-9392C90C68FA}.CUDA_Release|x86.ActiveCfg = Release|Win32
		{0857540B-5531-4651-852B-9392C90C68FA}.CUDA_Release|x86.Build.0 = Release|Win32
		{0857540B-5531-4651-852B-9392C90C68FA}.Debug|x64.ActiveCfg = Debug|x64
		{0857540B-5531-4651-852B-9392C90C68FA}.Debug|x64.Build.0 = Debug|x64
		{0857540B-5531-4651-852B-9392C90C68FA}.Debug|x86.ActiveCfg = Debug|Win32
		{0857540B-5531-4651-852B-9392C90C68FA}.Debug|x86.Build.0 = Debug|Win32
		{0857540B-5531-4651-852B-9392C90C68FA}.OpenCL_Debug|x64.ActiveCfg = Debug|x64
		{0857540B-5531-4651-852B-9392C90C68FA}.OpenCL_Debug|x64.Build.0 = Debug|x64
		{0857540B-5531-4651-852B-9392C90C68FA}.OpenCL_Debug|x86.ActiveCfg = Debug|Win32
		{0857540B-5531-4651-852B-9392C90C68FA}.OpenCL_Debug|x86.Build.0 = Debug|Win32
		{0857540B-5531-4651-852B-9392C90C68FA}.OpenCL_Release|x64.ActiveCfg = Release|x64
		{0857540B-5531-4651-852B-9392C90C68FA}.OpenCL_Release|x64.Build.0 = Release|x64
		{0857540B-5531-4651-852B-9392C90C68FA}.OpenCL_Release|x86.ActiveCfg = Release|Win32
		{0857540B-5531-4651-852B-9392C90C68FA}.OpenCL_Release|x86.Build.0 = Release|Win32
		{0857540B-5531-4651-852B-9392C90C68FA}.Release_DD03632|x64.ActiveCfg = Release|x64
		{0857540B-5531-4651-852B-9392C90C68FA}.Release_DD03632|x64.Build.0 = Release|x64
		{0857540B-5531-4651-852B-9392C90C68FA}.Release_DD03632|x86.ActiveCfg = Release|Win32
		{0857540B-5531-4651-852B-9392C90C68FA}.Release_DD03632|x86.Build.0 = Release|Win32
		{0857540B-5531-4651-852B-9392C90C68FA}.Release|x64.ActiveCfg = Release|x64
		{0857540B-5531-4651-852B-9392C90C68FA}.Release|x64.Build.0 = Release|x64
		{0857540B-5531-4651-852B-9392C90C68FA}.Release|x86.ActiveCfg = Release|Win32
		{0857540B-5531-4651-852B-9392C90C68FA}.Release|x86.Build.0 = Release|Win32
		{0857540B-5531-4651-852B-9392C90C68FA}.Unified_Debug|x64.ActiveCfg = Debug|x64
		{0857540B-5531-4651-852B-9392C90C68FA}.Unified_Debug|x64.Build.0 = Debug|x64
		{0857540B-5531-4651-852B-9392C90C68FA}.Unified_Debug|x86.ActiveCfg = Debug|Win32
		{0857540B-5531-4651-852B-9392C90C68FA}.Unified_Debug|x86.Build.0 = Debug|Win32
		{0857540B-5531-4651-852B-9392C90C68FA}.Unified_Release|x64.ActiveCfg = Release|x64
		{0857540B-5531-4651-852B-9392C90C68FA}.Unified_Release|x64.Build.0 = Release|x64
		{0857540B-5531-4651-852B-9392C90C68FA}.Unified_Release|x86.ActiveCfg = Release|Win32
		{0857540B-5531-4651-852B-9392C90C68FA}.Unified_Release|x86.Build.0 = Release|Win32
		{9AA8C867-BECF-4952-B2C5-D39EF89F7036}.CPU_Debug|x64.ActiveCfg = CPU_Debug|x64
		{9AA8C867-BECF-4952-B2C5-D39EF89F7036}.CPU_Debug|x64.Build.0 = CPU_Debug|x64
		{9AA8C867-BECF-4952-B2C5-D39EF89F7036}.CPU_Debug|x86.ActiveCfg = CPU_Debug|x64
		{9AA8C867-BECF-4952-B2C5-D39EF89F7036}.CPU_Release|x64.ActiveCfg = CPU_Release|x64
		{9AA8C867-BECF-4952-B2C5-D39EF89F7036}.CPU_Release|x64.Build.0 = CPU_Release|x64
		{9AA8C867-BECF-4952-B2C5-D39EF89F7036}.CPU_Release|x86.ActiveCfg = CPU_Release|x64
		{9AA8C867-BECF-4952-B2C5-D39EF89F7036}.CUDA_Debug|x64.ActiveCfg = CUDA_Debug|x64
		{9AA8C867-BECF-4952-B2C5-D39EF89F7036}.CUDA_Debug|x64.Build.0 = CUDA_Debug|x64
		{9AA8C867-BECF-4952-B2C5-D39EF89F7036}.CUDA_Debug|x86.ActiveCfg = CUDA_Debug|x64
		{9AA8C867-BECF-4952-B2C5-D39EF89F7036}.CUDA_Release|x64.ActiveCfg = CUDA_Release|x64
		{9AA8C867-BECF-4952-B2C5-D39EF89F7036}.CUDA_Release|x64.Build.0 = CUDA_Release|x64
		{9AA8C867-BECF-4952-B2C5-D39EF89F7036}.CUDA_Release|x86.ActiveCfg = CUDA_Release|x64
		{9AA8C867-BECF-4952-B2C5-D39EF89F7036}.Debug|x64.ActiveCfg = Unified_Debug|x64
		{9AA8C867-BECF-4952-B2C5-D39EF89F7036}.Debug|x64.Build.0 = Unified_Debug|x64
		{9AA8C867-BECF-4952-B2C5-D39EF89F7036}.Debug|x86.ActiveCfg = CPU_Release|x64
		{9AA8C867-BECF-4952-B2C5-D39EF89F7036}.Debug|x86.Build.0 = CPU_Release|x64
		{9AA8C867-BECF-4952-B2C5-D39EF89F7036}.OpenCL_Debug|x64.ActiveCfg = OpenCL_Debug|x64
		{9AA8C867-BECF-4952-B2C5-D39EF89F7036}.OpenCL_Debug|x64.Build.0 = OpenCL_Debug|x64
		{9AA8C867-BECF-4952-B2C5-D39EF89F7036}.OpenCL_Debug|x86.ActiveCfg = OpenCL_Debug|x64
		{9AA8C867-BECF-4952-B2C5-D39EF89F7036}.OpenCL_Release|x64.ActiveCfg = OpenCL_Release|x64
		{9AA8C867-BECF-4952-B2C5-D39EF89F7036}.OpenCL_Release|x64.Build.0 = OpenCL_Release|x64
		{9AA8C867-BECF-4952-B2C5-D39EF89F7036}.OpenCL_Release|x86.ActiveCfg = OpenCL_Release|x64
		{9AA8C867-BECF-4952-B2C5-D39EF89F7036}.Release_DD03632|x64.ActiveCfg = CPU_Release|x64
		{9AA8C867-BECF-4952-B2C5-D39EF89F7036}.Release_DD03632|x64.Build.0 = CPU_Release|x64
		{9AA8C867-BECF-4952-B2C5-D39EF89F7036}.Release_DD03632|x86.ActiveCfg = CPU_Release|x64
		{9AA8C867-BECF-4952-B2C5-D39EF89F7036}.Release_DD03632|x86.Build.0 = CPU_Release|x64
		{9AA8C867-BECF-4952-B2C5-D39EF89F7036}.Release|x64.ActiveCfg = CPU_Release|x64
		{9AA8C867-BECF-4952-B2C5-D39EF89F7036}.Release|x64.Build.0 = CPU_Release|x64
		{9AA8C867-BECF-4952-B2C5-D39EF89F7036}.Release|x86.ActiveCfg = CPU_Release|x64
		{9AA8C867-BECF-4952-B2C5-D39EF89F7036}.Release|x86.Build.0 = CPU_Release|x64
		{9AA8C867-BECF-4952-B2C5-D39EF89F7036}.Unified_Debug|x64.ActiveCfg = Unified_Debug|x64
		{9AA8C867-BECF-4952-B2C5-D39EF89F7036}.Unified_Debug|x64.Build.0 = Unified_Debug|x64
		{9AA8C867-BECF-4952-B2C5-D39EF89F7036}.Unified_Debug|x86.ActiveCfg = Unified_Debug|x64
		{9AA8C867-BECF-4952-B2C5-D39EF89F7036}.Unified_Release|x64.ActiveCfg = Unified_Release|x64
		{9AA8C867-BECF-4952-B2C5-D39EF89F7036}.Unified_Release|x64.Build.0 = Unified_Release|x64
		{9AA8C867-BECF-4952-B2C5-D39EF89F7036}.Unified_Release|x86.ActiveCfg = Unified_Release|x64
	EndGlobalSection
	GlobalSection(SolutionProperties) = preSolution
		HideSolutionNode = FALSE
	EndGlobalSection
	GlobalSection(ExtensibilityGlobals) = postSolution
		SolutionGuid = {67C64108-C39E-47CE-A7FF-9D2D49049374}
	EndGlobalSection
EndGlobal
